
Microsoft Visual Studio Solution File, Format Version 12.00
# Visual Studio 2013
VisualStudioVersion = 12.0.31101.0
MinimumVisualStudioVersion = 10.0.40219.1
Project("{FAE04EC0-301F-11D3-BF4B-00C04F79EFBC}") = "Satellizer", "Satellizer\Satellizer.csproj", "{A1E99BF9-72FB-4E54-B00F-2CEFB20B3409}"
EndProject
Project("{2150E333-8FDC-42A3-9474-1A3956D46DE8}") = "Client", "Client", "{277C9D1F-AA41-456B-8EF6-18D9464495F6}"
	ProjectSection(SolutionItems) = preProject
		..\..\client\services\account.js = ..\..\client\services\account.js
		..\..\client\app.js = ..\..\client\app.js
		..\..\client\controllers\profile.js = ..\..\client\controllers\profile.js
		..\..\client\vendor\satellizer.js = ..\..\client\vendor\satellizer.js
	EndProjectSection
EndProject
Global
	GlobalSection(SolutionConfigurationPlatforms) = preSolution
		Debug|Any CPU = Debug|Any CPU
		Release|Any CPU = Release|Any CPU
	EndGlobalSection
	GlobalSection(ProjectConfigurationPlatforms) = postSolution
		{A1E99BF9-72FB-4E54-B00F-2CEFB20B3409}.Debug|Any CPU.ActiveCfg = Debug|Any CPU
		{A1E99BF9-72FB-4E54-B00F-2CEFB20B3409}.Debug|Any CPU.Build.0 = Debug|Any CPU
		{A1E99BF9-72FB-4E54-B00F-2CEFB20B3409}.Release|Any CPU.ActiveCfg = Release|Any CPU
		{A1E99BF9-72FB-4E54-B00F-2CEFB20B3409}.Release|Any CPU.Build.0 = Release|Any CPU
	EndGlobalSection
	GlobalSection(SolutionProperties) = preSolution
		HideSolutionNode = FALSE
	EndGlobalSection
EndGlobal
